
Microsoft Visual Studio Solution File, Format Version 12.00
# Visual Studio 15
VisualStudioVersion = 15.0.26228.4
MinimumVisualStudioVersion = 10.0.40219.1
Project("{FAE04EC0-301F-11D3-BF4B-00C04F79EFBC}") = "Cake.Intellisense", "Cake.Intellisense\Cake.Intellisense.csproj", "{A3E93FB9-E1AF-4279-A2F5-5B60810E007F}"
EndProject
Project("{FAE04EC0-301F-11D3-BF4B-00C04F79EFBC}") = "Cake.Intellisense.Tests.Integration", "Cake.Intellisense.Tests.Integration\Cake.Intellisense.Tests.Integration.csproj", "{C6613FE9-B68B-4B12-AF57-BF191ED4FB70}"
EndProject
Project("{FAE04EC0-301F-11D3-BF4B-00C04F79EFBC}") = "Cake.Intellisense.Tests.Unit", "Cake.Intellisense.Tests.Unit\Cake.Intellisense.Tests.Unit.csproj", "{EB9B8BAD-6361-49B2-9FF5-E8F79C0B342F}"
EndProject
Global
	GlobalSection(SolutionConfigurationPlatforms) = preSolution
		Debug|Any CPU = Debug|Any CPU
		Release|Any CPU = Release|Any CPU
	EndGlobalSection
	GlobalSection(ProjectConfigurationPlatforms) = postSolution
		{A3E93FB9-E1AF-4279-A2F5-5B60810E007F}.Debug|Any CPU.ActiveCfg = Debug|Any CPU
		{A3E93FB9-E1AF-4279-A2F5-5B60810E007F}.Debug|Any CPU.Build.0 = Debug|Any CPU
		{A3E93FB9-E1AF-4279-A2F5-5B60810E007F}.Release|Any CPU.ActiveCfg = Release|Any CPU
		{A3E93FB9-E1AF-4279-A2F5-5B60810E007F}.Release|Any CPU.Build.0 = Release|Any CPU
		{C6613FE9-B68B-4B12-AF57-BF191ED4FB70}.Debug|Any CPU.ActiveCfg = Debug|Any CPU
		{C6613FE9-B68B-4B12-AF57-BF191ED4FB70}.Debug|Any CPU.Build.0 = Debug|Any CPU
		{C6613FE9-B68B-4B12-AF57-BF191ED4FB70}.Release|Any CPU.ActiveCfg = Release|Any CPU
		{C6613FE9-B68B-4B12-AF57-BF191ED4FB70}.Release|Any CPU.Build.0 = Release|Any CPU
		{EB9B8BAD-6361-49B2-9FF5-E8F79C0B342F}.Debug|Any CPU.ActiveCfg = Debug|Any CPU
		{EB9B8BAD-6361-49B2-9FF5-E8F79C0B342F}.Debug|Any CPU.Build.0 = Debug|Any CPU
		{EB9B8BAD-6361-49B2-9FF5-E8F79C0B342F}.Release|Any CPU.ActiveCfg = Release|Any CPU
		{EB9B8BAD-6361-49B2-9FF5-E8F79C0B342F}.Release|Any CPU.Build.0 = Release|Any CPU
	EndGlobalSection
	GlobalSection(SolutionProperties) = preSolution
		HideSolutionNode = FALSE
	EndGlobalSection
EndGlobal
